
Microsoft Visual Studio Solution File, Format Version 12.00
# Visual Studio 14
VisualStudioVersion = 14.0.24720.0
MinimumVisualStudioVersion = 10.0.40219.1
Project("{FAE04EC0-301F-11D3-BF4B-00C04F79EFBC}") = "ejChatClient", "ejChatClient\ejChatClient.csproj", "{578A53F3-EDD0-4126-8729-D5A5CCACE4AD}"
EndProject
Global
	GlobalSection(SolutionConfigurationPlatforms) = preSolution
		Debug|Any CPU = Debug|Any CPU
		Release|Any CPU = Release|Any CPU
	EndGlobalSection
	GlobalSection(ProjectConfigurationPlatforms) = postSolution
		{578A53F3-EDD0-4126-8729-D5A5CCACE4AD}.Debug|Any CPU.ActiveCfg = Debug|Any CPU
		{578A53F3-EDD0-4126-8729-D5A5CCACE4AD}.Debug|Any CPU.Build.0 = Debug|Any CPU
		{578A53F3-EDD0-4126-8729-D5A5CCACE4AD}.Release|Any CPU.ActiveCfg = Release|Any CPU
		{578A53F3-EDD0-4126-8729-D5A5CCACE4AD}.Release|Any CPU.Build.0 = Release|Any CPU
	EndGlobalSection
	GlobalSection(SolutionProperties) = preSolution
		HideSolutionNode = FALSE
	EndGlobalSection
EndGlobal
